# This file was autogenerated by uv via the following command:
#    uv pip compile app/backend/requirements.in --generate-hashes --output-file app/backend/requirements.lock --python-version 3.12
annotated-types==0.8.0 \
    --hash=sha256:13b2beaad985e05e2d6407ee4c4f35590b11f8d693a258a561055cac8f64cab7 \
    --hash=sha256:f072f4d804ea359e4eaf198b1af7a8b0943881a87f31bb764f8bf219bb9419e0
    # via pydantic
anyio==4.14.2 \
    --hash=sha256:9f505dda5ac9f0c8309b5e8bd445a8c2bf7246f3ce950121e45ea15bc41d1494 \
    --hash=sha256:cfa139f3ed1a23ee8f88a145ddb5ac7605b8bbfd8592baacd7ce3d8bb4313c7f
    # via starlette
argon2-cffi==25.1.0 \
    --hash=sha256:694ae5cc8a42f4c4e2bf2ca0e64e51e23a040c6a517a85074683d3959e1346c1 \
    --hash=sha256:fdc8b074db390fccb6eb4a3604ae7231f219aa669a2652e0f20e16ba513d5741
    # via -r app/backend/requirements.in
argon2-cffi-bindings==25.1.0 \
    --hash=sha256:1db89609c06afa1a214a69a462ea741cf735b29a57530478c06eb81dd403de99 \
    --hash=sha256:1e021e87faa76ae0d413b619fe2b65ab9a037f24c60a1e6cc43457ae20de6dc6 \
    --hash=sha256:21378b40e1b8d1655dd5310c84a40fc19a9aa5e6366e835ceb8576bf0fea716d \
    --hash=sha256:2630b6240b495dfab90aebe159ff784d08ea999aa4b0d17efa734055a07d2f44 \
    --hash=sha256:3c6702abc36bf3ccba3f802b799505def420a1b7039862014a65db3205967f5a \
    --hash=sha256:3d3f05610594151994ca9ccb3c771115bdb4daef161976a266f0dd8aa9996b8f \
    --hash=sha256:473bcb5f82924b1becbb637b63303ec8d10e84c8d241119419897a26116515d2 \
    --hash=sha256:5acb4e41090d53f17ca1110c3427f0a130f944b896fc8c83973219c97f57b690 \
    --hash=sha256:5d588dec224e2a83edbdc785a5e6f3c6cd736f46bfd4b441bbb5aa1f5085e584 \
    --hash=sha256:6dca33a9859abf613e22733131fc9194091c1fa7cb3e131c143056b4856aa47e \
    --hash=sha256:7aef0c91e2c0fbca6fc68e7555aa60ef7008a739cbe045541e438373bc54d2b0 \
    --hash=sha256:84a461d4d84ae1295871329b346a97f68eade8c53b6ed9a7ca2d7467f3c8ff6f \
    --hash=sha256:87c33a52407e4c41f3b70a9c2d3f6056d88b10dad7695be708c5021673f55623 \
    --hash=sha256:8b8efee945193e667a396cbc7b4fb7d357297d6234d30a489905d96caabde56b \
    --hash=sha256:a1c70058c6ab1e352304ac7e3b52554daadacd8d453c1752e547c76e9c99ac44 \
    --hash=sha256:a98cd7d17e9f7ce244c0803cad3c23a7d379c301ba618a5fa76a67d116618b98 \
    --hash=sha256:aecba1723ae35330a008418a91ea6cfcedf6d31e5fbaa056a166462ff066d500 \
    --hash=sha256:b0fdbcf513833809c882823f98dc2f931cf659d9a1429616ac3adebb49f5db94 \
    --hash=sha256:b55aec3565b65f56455eebc9b9f34130440404f27fe21c3b375bf1ea4d8fbae6 \
    --hash=sha256:b957f3e6ea4d55d820e40ff76f450952807013d361a65d7f28acc0acbf29229d \
    --hash=sha256:ba92837e4a9aa6a508c8d2d7883ed5a8f6c308c89a4790e1e447a220deb79a85 \
    --hash=sha256:c4f9665de60b1b0e99bcd6be4f17d90339698ce954cfd8d9cf4f91c995165a92 \
    --hash=sha256:c87b72589133f0346a1cb8d5ecca4b933e3c9b64656c9d175270a000e73b288d \
    --hash=sha256:d3e924cfc503018a714f94a49a149fdc0b644eaead5d1f089330399134fa028a \
    --hash=sha256:da0c79c23a63723aa5d782250fbf51b768abca630285262fb5144ba5ae01e520 \
    --hash=sha256:e2fd3bfbff3c5d74fef31a722f729bf93500910db650c925c2d6ef879a7e51cb
    # via argon2-cffi
cffi==2.1.1 \
    --hash=sha256:046bfc24911b37851ee1b51aab8bffe713d89c68c6a057b09484ce9fd5f69b4e \
    --hash=sha256:06c72bb76605a4b0cd0aad6930b69d4baf7dd5d806cfc409b824191099700e66 \
    --hash=sha256:0beceaabe56af686895136a2de78db54ecd8e4046b236b8fd6d6cb61389e9bf2 \
    --hash=sha256:154852545011f779917b11c78db2358d095da62a9a172b78ad0a583ee5adc0d0 \
    --hash=sha256:194cffa889098ced9976c3fc6340305e43f6303657d298da55366907c05c22d6 \
    --hash=sha256:19ee6127ee34de7d83ce3d371ebc5ed91addbdcc39f9ab15ce4eb35a4e534971 \
    --hash=sha256:1a18a57b58cfb21fc28d72e876acf10eaed67a1ed96226f92af4df681d571c4c \
    --hash=sha256:1aa5645c30469b09530c4ebca77ebf8f17618293c58f8549cb1a543a50236e7d \
    --hash=sha256:1dea0e4d7d4f11f619fe8c1d76caf49e24405b4b5743c0e3be16a500ecd930c9 \
    --hash=sha256:208f941bb9d18e768138677f0a6d2ce01f590df56043dda1df1535ac57c88517 \
    --hash=sha256:210019b6c7cf07f081b4c54635c8cf744377001350e29cc0f81c4377b4797735 \
    --hash=sha256:246fa40ce8645a614ff682e0b70f37134e460eaf93a775e0cbe3cca585a67a80 \
    --hash=sha256:25792eac27877609e7bb06d42ff88278a6624fff2ba9bbb523c09616b117e80f \
    --hash=sha256:27350daa11d4f10c540e6e89dada4c54feb7256ad03e9a4dc075ebad7ba360d1 \
    --hash=sha256:28907ab9bfb6aa13184cfc17c6b8e1023c5ab6fd7076d8c20a35e59fe04f8f29 \
    --hash=sha256:2ae64be792b8966f2c69538199728b290e34726562896df1e5dc8ffd8d8188e8 \
    --hash=sha256:31348097ff5bbe827ccc41795d4dd099d9f0625e7def00ee653c137a490c2a6c \
    --hash=sha256:3143d81e29e1e20a9ce10901ec369012947876596f75a222235965f2b7ae832e \
    --hash=sha256:3222ba5d678f80a030e6afbcc33dc1ae5cb45facabb61cee2c7016b8432fde48 \
    --hash=sha256:3311ed60d36f83378794e1009ac6258bafbf81f7888b4caa7b35a521e3f95813 \
    --hash=sha256:334644fbac4eff73d985a17a91226df55d0f394160c4cfb880e084c8f7161cac \
    --hash=sha256:34e261f78cb6ceaaa36f42f2613f4380d94d9c759a9c73c769ee6e0247364632 \
    --hash=sha256:363e05fa78e15116c3c32c210ee36884fd6b9afa6d440e47112c3bd511d64cb6 \
    --hash=sha256:398aff33cee2767e3e781d2554c54bd0dff386bb437581e0d8011fde1a942ec1 \
    --hash=sha256:3d22a20b1fb1632cc72c22f95f7b0d2961c3e1c235f245ba4c606c4771035659 \
    --hash=sha256:42a494cee34437f05546455144f2b5d9ac09b1face62bcfce597d2e521066688 \
    --hash=sha256:42e2f76b9455f5a9a844f770bf3e200ed3da0e15f5df3db9c31fe80b04b3d004 \
    --hash=sha256:42f6930c31dc7f50732c9ae793c2786c7b6b044195967bbdde40bb9be81c4cc0 \
    --hash=sha256:456a61fa52d579ebf9df2e9552ead5129855dbaff6c1e5a9b1bc408809bdc062 \
    --hash=sha256:471cee653ae88de62096552e6d24ccb4a5adb8c8c9f10b5054d0122c15bf2779 \
    --hash=sha256:49cbc70e6542d4ccccb936558d1064a8012541e78f821f955cff24e357776c94 \
    --hash=sha256:4a7c934f7360e8cd64fe9efadcbd10c7c6364f531e432b9a4bf5ccbc9e0e8b50 \
    --hash=sha256:4be96343e422f2dfcd12ab5c9f5aebe03f82f737c6bffeca6830b3875cb44aab \
    --hash=sha256:4f42141fc14250de6dde5ee7ea4432be017252d91f19c5ad043c084cea629cac \
    --hash=sha256:507a24c282e0f42f8ed737cf048572cbf580468da5555764a8331735e9c736b6 \
    --hash=sha256:51b31d1c98274844cfd7838ce00bfc27c7423a4dc00fc0772fc3331c2cc90676 \
    --hash=sha256:58acb8ab8e295e6c5ea12f888cbb13cf21511ef2a3303a23f4325c29d17fe5c1 \
    --hash=sha256:5a59cc1c4442bc3d5c703bf720b51138d0bfc173618807c9ee2490a7541dd3d9 \
    --hash=sha256:5bb4e7ea95dcd6a014a6fef62e62467d67d8e582326443f3d68e71d6320a9fcf \
    --hash=sha256:5c58fe613dc5e5336357eff555824a314d8e43282600435c8d1cb6a7a2fedd13 \
    --hash=sha256:5e7cecbaadb83884793e05828cee59b210b24583b9c7425d0ba6a754fe22eb4e \
    --hash=sha256:616f097f2fe415bc92a247f02e11f634e1f9e9a83d327e3c915c15089c87869e \
    --hash=sha256:63bbfd5ded17c4840ac07cd8f1c21ba9d9708141f840b324f422f41b207e3973 \
    --hash=sha256:64faea20f4e2613363a1a9b9c7dd73058f3ecd00133a511e72ad7c511658f527 \
    --hash=sha256:661c298b4821edebead0c91edd2b00374d67ad7c5a1f7a91d4442633b79d6a72 \
    --hash=sha256:68e62fe11f30d5ca8289242866f0a5291402d8529ca2178ab8afc5c9694ae890 \
    --hash=sha256:6a8dddef476fab96d066d578fc88526767b836ab5ab21754e1d5bf3879c31c7c \
    --hash=sha256:6e192623c49c94421616a5778fba35cf0d5a8d000650c1967ef4448ee5cdd990 \
    --hash=sha256:7225e4514edb64eb6740324353e0da0711954fd8d7da4576755b1c6e09b697cd \
    --hash=sha256:75f80557d1389eddbd0de2681f6a390a0c5338c31ddaa821381c203fc3fd50d9 \
    --hash=sha256:770de9db11e84213beec501cfcaa013b019820ca881e03344dea5844f7876d94 \
    --hash=sha256:7750c6449dff7864bb9bb27ddfb0267756189201a3afc911d82b3caacd70dfc3 \
    --hash=sha256:7bde5e4cc5c10140859842b9d383af292b22639a4dffb725314baf45968cef80 \
    --hash=sha256:7ce713ace7c0e4520535b42b77eaa742c16dab813978064913e5a3cf82973b41 \
    --hash=sha256:7da0c5eff80f0197f3b3d1232ec5a682a9325f4ae9016a78f5f5ca35f9ced1f5 \
    --hash=sha256:7dbb61fe3a7699468030f71bbe5f8a0e326a151daa91beb11a6fc1f980c55e1c \
    --hash=sha256:811bd1e21d32de12efca32393a0ab3f5133b54fce9bd44b8bd77ab07da14bf6a \
    --hash=sha256:8ef53b2de9bcb9197d31854256575d59dbac0cba72ac627bb291ef5eceb74be4 \
    --hash=sha256:937c0052c05a31ca1daf18de3158eed4dbfcb9cc107adbea227728d647be701e \
    --hash=sha256:9d2055050ea716bd38b7f7f1579c275386646b4894c155a3e2f3cd62ed41b7c6 \
    --hash=sha256:9f8d177621de5cb38ee3e731eda45d421db093ec0739f46a5594babda7987a98 \
    --hash=sha256:a2d7755bef5a12ed488f4ef1f1b69ee9191d7396083b755a5d2295f6edb4768b \
    --hash=sha256:a48d62ab9d6f4f98c983223a547af44be6ca3691074c31cecced6facd3ba2dc1 \
    --hash=sha256:a4f00aa42f75d6e4595e8866e748cc1705adc0cddfeb2ca86d0d03993d63ba03 \
    --hash=sha256:a6e721d4b0e45d5b65e87534470e67b18dcd092c83f68fba09f152b9cbc061af \
    --hash=sha256:a730a083190634c65cca36ba5f489531576ebd79bcd5c8e172130f6453127231 \
    --hash=sha256:a931079504ecc49efed7744c476a5c343a92fabf66dec2db95edb1b2fdc770e2 \
    --hash=sha256:aa9511c62d14da7aacc9b4bf51f3f697a621e83b2d6919008243c3aad168eea3 \
    --hash=sha256:ab36d55f9ed2d067327667c2fea18dda018eb628dd6347aa01dda6cf1f5d3836 \
    --hash=sha256:ad2c86c495b899d862ea0f4b42891b8713a3bd45dd4105c7fd51c2a72f39f3a5 \
    --hash=sha256:aeae0e330c9f6acd681f647d46cefd30c29f93e3392882e792e82080c9691399 \
    --hash=sha256:b0431303acaea1089ad4b3e9ce4e6518193def1118d4073ca848635ee4ea2e96 \
    --hash=sha256:b5bdfd1c873d4e093aabc0ca84c4ca6dbc4f752afb5c86f146d9742580c9da2e \
    --hash=sha256:baed1e86cc735622097354b9d1281406caf42ff42a886d29faa8e8d1630333be \
    --hash=sha256:c1453022f490d2459a11819d83ad1d586e9ff65a12ac3e705ffebd46d3685dcf \
    --hash=sha256:c26608d2222fb1e94487e4a387d85f13eb55d5ed725cb25a0c589ac4ee60e7bc \
    --hash=sha256:c7659f22557c5a0bc4855cd635f55edec690cc008a40768527762cb9fb263455 \
    --hash=sha256:c8c69575568085ba0b1b10c0249d779a214aea6f6522e949a0fc9fb0fcb449d0 \
    --hash=sha256:c8d2c9fd1f2d16f780d15127abb050d13d1a76c03a4bd87d7e4980e45e511e12 \
    --hash=sha256:ca82be1a1d406ecfe1d25dc16cb33488e5a16bf4438c9fb590484ea29d92478b \
    --hash=sha256:cc572dace3f60ef98d7b12ff411d20f5362feb31a0439eab0085bbfd349982d7 \
    --hash=sha256:d18e5ac0f2f03f4f518d3e23db0f0cad7faa1da8620e9c09461d443bbf6e6692 \
    --hash=sha256:d28630f5854ab07ab1fd4aba756de52326c82e6be15d414b12793f1975048b54 \
    --hash=sha256:d9c275eaacd24aa73f94ffd6de08fc3f932424d8b6c376f4bed7cde376fe7bc3 \
    --hash=sha256:da0e573f9f97159390c89d9f1a9e41908b66d408cc5b58d08cf3847d844c531b \
    --hash=sha256:dd31f52ea1086513bb9df30f8fcee9b8918323ae067a3d5b78bc826a000712be \
    --hash=sha256:dddad92b554513a31f272570678ba307fb9f618f05e3d4a5eacafff9eae03e1d \
    --hash=sha256:df423d40ee8654634421812bc3b196da3f9bd7d32929da813f8394c4348a5358 \
    --hash=sha256:df913725b79db7bcf03448f36b7bf8815363417d5b58deecf9305e3e30f0f21a \
    --hash=sha256:e0bcb7e0f677f543555d2adff3bf19c05f66cdb4796e5ff602442ab2fe3c4ef7 \
    --hash=sha256:e2d65b31f36619cda3999b78b2aa9632e76b78448e7a56fc4240824200e7c4fc \
    --hash=sha256:e6e8cff14d6fb0be70a09c0bdc58096f501952d04624ebf867e0e56da2df8960 \
    --hash=sha256:f16c709686a78c727bbbf059f92b0bf41c6fc60deec706d2dc19f529175a6125 \
    --hash=sha256:f24fb43132a4c6b4cb4eb029492919b2db645be6808d738f244fd146c03c32cb \
    --hash=sha256:f53e442b08449d42821fa4a4fba000095af9f62742a500f978a9f557ec44339a \
    --hash=sha256:f5cfbc5fe74540d335175b656c725d74d90e3730c626d92575eea35029d9afaa \
    --hash=sha256:f81b3b8f3d4e343550fa4baa0e479bba9f2d29ce9c2e9b51d1ce1718d7442fcf \
    --hash=sha256:f8ec5e643a9a937f64e1999eb9f75d072263751912dc5cd06d3c85f8f44be7c3 \
    --hash=sha256:fb92203a88b3d3053034db775110081c49d28be6551923805e039924093761e4 \
    --hash=sha256:fcd22650c908d7b7da162bbfaab594a1227a15d1643a98c68b122ac642fa2264
    # via argon2-cffi-bindings
click==8.4.2 \
    --hash=sha256:9a6cea6e60b17ebe0a44c5cc636d94f09bd66142c1cd7d8b4cd731c4917a15f6 \
    --hash=sha256:e6f9f66136c816745b9d65817da91d61d957fb16e02e4dcd0552553c5a197b76
    # via uvicorn
fastapi==0.116.1 \
    --hash=sha256:c46ac7c312df840f0c9e220f7964bada936781bc4e2e6eb71f1c4d7553786565 \
    --hash=sha256:ed52cbf946abfd70c5a0dccb24673f0670deeb517a88b3544d03c2a6bf283143
    # via -r app/backend/requirements.in
h11==0.16.0 \
    --hash=sha256:4e35b956cf45792e4caa5885e69fba00bdbc6ffafbfa020300e549b208ee5ff1 \
    --hash=sha256:63cf8bbe7522de3bf65932fda1d9c2772064ffb3dae62d55932da54b31cb6c86
    # via uvicorn
idna==3.18 \
    --hash=sha256:7f952cbe720b688055e3f87de14f5c3e5fdaa8bc3928985c4077ca689de849a2 \
    --hash=sha256:ffb385a7e039654cef1ab9ef32c6fafe283c0c0467bba1d9029738ce4a14a848
    # via anyio
pycparser==3.0 \
    --hash=sha256:600f49d217304a5902ac3c37e1281c9fe94e4d0489de643a9504c5cdfdfc6b29 \
    --hash=sha256:b727414169a36b7d524c1c3e31839a521725078d7b2ff038656844266160a992
    # via cffi
pydantic==2.11.7 \
    --hash=sha256:d989c3c6cb79469287b1569f7447a17848c998458d49ebe294e975b9baf0f0db \
    --hash=sha256:dde5df002701f6de26248661f6835bbe296a47bf73990135c7d07ce741b9623b
    # via
    #   -r app/backend/requirements.in
    #   fastapi
pydantic-core==2.33.2 \
    --hash=sha256:0069c9acc3f3981b9ff4cdfaf088e98d83440a4c7ea1bc07460af3d4dc22e72d \
    --hash=sha256:031c57d67ca86902726e0fae2214ce6770bbe2f710dc33063187a68744a5ecac \
    --hash=sha256:0405262705a123b7ce9f0b92f123334d67b70fd1f20a9372b907ce1080c7ba02 \
    --hash=sha256:04a1a413977ab517154eebb2d326da71638271477d6ad87a769102f7c2488c56 \
    --hash=sha256:09fb9dd6571aacd023fe6aaca316bd01cf60ab27240d7eb39ebd66a3a15293b4 \
    --hash=sha256:0a39979dcbb70998b0e505fb1556a1d550a0781463ce84ebf915ba293ccb7e22 \
    --hash=sha256:0a9f2c9dd19656823cb8250b0724ee9c60a82f3cdf68a080979d13092a3b0fef \
    --hash=sha256:0e03262ab796d986f978f79c943fc5f620381be7287148b8010b4097f79a39ec \
    --hash=sha256:0e5b2671f05ba48b94cb90ce55d8bdcaaedb8ba00cc5359f6810fc918713983d \
    --hash=sha256:0e6116757f7959a712db11f3e9c0a99ade00a5bbedae83cb801985aa154f071b \
    --hash=sha256:0fb2d542b4d66f9470e8065c5469ec676978d625a8b7a363f07d9a501a9cb36a \
    --hash=sha256:1082dd3e2d7109ad8b7da48e1d4710c8d06c253cbc4a27c1cff4fbcaa97a9e3f \
    --hash=sha256:1a8695a8d00c73e50bff9dfda4d540b7dee29ff9b8053e38380426a85ef10052 \
    --hash=sha256:1e063337ef9e9820c77acc768546325ebe04ee38b08703244c1309cccc4f1bab \
    --hash=sha256:1ea40a64d23faa25e62a70ad163571c0b342b8bf66d5fa612ac0dec4f069d916 \
    --hash=sha256:2058a32994f1fde4ca0480ab9d1e75a0e8c87c22b53a3ae66554f9af78f2fe8c \
    --hash=sha256:235f45e5dbcccf6bd99f9f472858849f73d11120d76ea8707115415f8e5ebebf \
    --hash=sha256:2807668ba86cb38c6817ad9bc66215ab8584d1d304030ce4f0887336f28a5e27 \
    --hash=sha256:2b0a451c263b01acebe51895bfb0e1cc842a5c666efe06cdf13846c7418caa9a \
    --hash=sha256:2b3d326aaef0c0399d9afffeb6367d5e26ddc24d351dbc9c636840ac355dc5d8 \
    --hash=sha256:2bfb5112df54209d820d7bf9317c7a6c9025ea52e49f46b6a2060104bba37de7 \
    --hash=sha256:2f82865531efd18d6e07a04a17331af02cb7a651583c418df8266f17a63c6612 \
    --hash=sha256:329467cecfb529c925cf2bbd4d60d2c509bc2fb52a20c1045bf09bb70971a9c1 \
    --hash=sha256:3a1c81334778f9e3af2f8aeb7a960736e5cab1dfebfb26aabca09afd2906c039 \
    --hash=sha256:3abcd9392a36025e3bd55f9bd38d908bd17962cc49bc6da8e7e96285336e2bca \
    --hash=sha256:3c6db6e52c6d70aa0d00d45cdb9b40f0433b96380071ea80b09277dba021ddf7 \
    --hash=sha256:3dc625f4aa79713512d1976fe9f0bc99f706a9dee21dfd1810b4bbbf228d0e8a \
    --hash=sha256:3eb3fe62804e8f859c49ed20a8451342de53ed764150cb14ca71357c765dc2a6 \
    --hash=sha256:44857c3227d3fb5e753d5fe4a3420d6376fa594b07b621e220cd93703fe21782 \
    --hash=sha256:4b25d91e288e2c4e0662b8038a28c6a07eaac3e196cfc4ff69de4ea3db992a1b \
    --hash=sha256:4c5b0a576fb381edd6d27f0a85915c6daf2f8138dc5c267a57c08a62900758c7 \
    --hash=sha256:4e61206137cbc65e6d5256e1166f88331d3b6238e082d9f74613b9b765fb9025 \
    --hash=sha256:52fb90784e0a242bb96ec53f42196a17278855b0f31ac7c3cc6f5c1ec4811849 \
    --hash=sha256:53a57d2ed685940a504248187d5685e49eb5eef0f696853647bf37c418c538f7 \
    --hash=sha256:572c7e6c8bb4774d2ac88929e3d1f12bc45714ae5ee6d9a788a9fb35e60bb04b \
    --hash=sha256:5c4aa4e82353f65e548c476b37e64189783aa5384903bfea4f41580f255fddfa \
    --hash=sha256:5c92edd15cd58b3c2d34873597a1e20f13094f59cf88068adb18947df5455b4e \
    --hash=sha256:5f483cfb75ff703095c59e365360cb73e00185e01aaea067cd19acffd2ab20ea \
    --hash=sha256:61c18fba8e5e9db3ab908620af374db0ac1baa69f0f32df4f61ae23f15e586ac \
    --hash=sha256:6368900c2d3ef09b69cb0b913f9f8263b03786e5b2a387706c5afb66800efd51 \
    --hash=sha256:64632ff9d614e5eecfb495796ad51b0ed98c453e447a76bcbeeb69615079fc7e \
    --hash=sha256:65132b7b4a1c0beded5e057324b7e16e10910c106d43675d9bd87d4f38dde162 \
    --hash=sha256:6b99022f1d19bc32a4c2a0d544fc9a76e3be90f0b3f4af413f87d38749300e65 \
    --hash=sha256:6bdfe4b3789761f3bcb4b1ddf33355a71079858958e3a552f16d5af19768fef2 \
    --hash=sha256:6fa6dfc3e4d1f734a34710f391ae822e0a8eb8559a85c6979e14e65ee6ba2954 \
    --hash=sha256:73662edf539e72a9440129f231ed3757faab89630d291b784ca99237fb94db2b \
    --hash=sha256:73cf6373c21bc80b2e0dc88444f41ae60b2f070ed02095754eb5a01df12256de \
    --hash=sha256:7cb8bc3605c29176e1b105350d2e6474142d7c1bd1d9327c4a9bdb46bf827acc \
    --hash=sha256:7f92c15cd1e97d4b12acd1cc9004fa092578acfa57b67ad5e43a197175d01a64 \
    --hash=sha256:82f68293f055f51b51ea42fafc74b6aad03e70e191799430b90c13d643059ebb \
    --hash=sha256:83aa99b1285bc8f038941ddf598501a86f1536789740991d7d8756e34f1e74d9 \
    --hash=sha256:87acbfcf8e90ca885206e98359d7dca4bcbb35abdc0ff66672a293e1d7a19101 \
    --hash=sha256:87b31b6846e361ef83fedb187bb5b4372d0da3f7e28d85415efa92d6125d6e6d \
    --hash=sha256:881b21b5549499972441da4758d662aeea93f1923f953e9cbaff14b8b9565aef \
    --hash=sha256:8d55ab81c57b8ff8548c3e4947f119551253f4e3787a7bbc0b6b3ca47498a9d3 \
    --hash=sha256:8f57a69461af2a5fa6e6bbd7a5f60d3b7e6cebb687f55106933188e79ad155c1 \
    --hash=sha256:95237e53bb015f67b63c91af7518a62a8660376a6a0db19b89acc77a4d6199f5 \
    --hash=sha256:96081f1605125ba0855dfda83f6f3df5ec90c61195421ba72223de35ccfb2f88 \
    --hash=sha256:970919794d126ba8645f3837ab6046fb4e72bbc057b3709144066204c19a455d \
    --hash=sha256:9cb1da0f5a471435a7bc7e439b8a728e8b61e59784b2af70d7c169f8dd8ae290 \
    --hash=sha256:9fcd347d2cc5c23b06de6d3b7b8275be558a0c90549495c699e379a80bf8379e \
    --hash=sha256:9fdac5d6ffa1b5a83bca06ffe7583f5576555e6c8b3a91fbd25ea7780f825f7d \
    --hash=sha256:a11c8d26a50bfab49002947d3d237abe4d9e4b5bdc8846a63537b6488e197808 \
    --hash=sha256:a144d4f717285c6d9234a66778059f33a89096dfb9b39117663fd8413d582dcc \
    --hash=sha256:a2b911a5b90e0374d03813674bf0a5fbbb7741570dcd4b4e85a2e48d17def29d \
    --hash=sha256:a7ec89dc587667f22b6a0b6579c249fca9026ce7c333fc142ba42411fa243cdc \
    --hash=sha256:aa9d91b338f2df0508606f7009fde642391425189bba6d8c653afd80fd6bb64e \
    --hash=sha256:b0379a2b24882fef529ec3b4987cb5d003b9cda32256024e6fe1586ac45fc640 \
    --hash=sha256:bc7aee6f634a6f4a95676fcb5d6559a2c2a390330098dba5e5a5f28a2e4ada30 \
    --hash=sha256:bdc25f3681f7b78572699569514036afe3c243bc3059d3942624e936ec93450e \
    --hash=sha256:c083a3bdd5a93dfe480f1125926afcdbf2917ae714bdb80b36d34318b2bec5d9 \
    --hash=sha256:c20c462aa4434b33a2661701b861604913f912254e441ab8d78d30485736115a \
    --hash=sha256:c2fc0a768ef76c15ab9238afa6da7f69895bb5d1ee83aeea2e3509af4472d0b9 \
    --hash=sha256:c52b02ad8b4e2cf14ca7b3d918f3eb0ee91e63b3167c32591e57c4317e134f8f \
    --hash=sha256:c54c939ee22dc8e2d545da79fc5381f1c020d6d3141d3bd747eab59164dc89fb \
    --hash=sha256:c8e7af2f4e0194c22b5b37205bfb293d166a7344a5b0d0eaccebc376546d77d5 \
    --hash=sha256:cca3868ddfaccfbc4bfb1d608e2ccaaebe0ae628e1416aeb9c4d88c001bb45ab \
    --hash=sha256:d3f26877a748dc4251cfcfda9dfb5f13fcb034f5308388066bcfe9031b63ae7d \
    --hash=sha256:d53b22f2032c42eaaf025f7c40c2e3b94568ae077a606f006d206a463bc69572 \
    --hash=sha256:d87c561733f66531dced0da6e864f44ebf89a8fba55f31407b00c2f7f9449593 \
    --hash=sha256:d946c8bf0d5c24bf4fe333af284c59a19358aa3ec18cb3dc4370080da1e8ad29 \
    --hash=sha256:dac89aea9af8cd672fa7b510e7b8c33b0bba9a43186680550ccf23020f32d535 \
    --hash=sha256:db4b41f9bd95fbe5acd76d89920336ba96f03e149097365afe1cb092fceb89a1 \
    --hash=sha256:dc46a01bf8d62f227d5ecee74178ffc448ff4e5197c756331f71efcc66dc980f \
    --hash=sha256:dd14041875d09cc0f9308e37a6f8b65f5585cf2598a53aa0123df8b129d481f8 \
    --hash=sha256:de4b83bb311557e439b9e186f733f6c645b9417c84e2eb8203f3f820a4b988bf \
    --hash=sha256:e799c050df38a639db758c617ec771fd8fb7a5f8eaaa4b27b101f266b216a246 \
    --hash=sha256:e80b087132752f6b3d714f041ccf74403799d3b23a72722ea2e6ba2e892555b9 \
    --hash=sha256:eb8c529b2819c37140eb51b914153063d27ed88e3bdc31b71198a198e921e011 \
    --hash=sha256:eb9b459ca4df0e5c87deb59d37377461a538852765293f9e6ee834f0435a93b9 \
    --hash=sha256:efec8db3266b76ef9607c2c4c419bdb06bf335ae433b80816089ea7585816f6a \
    --hash=sha256:f481959862f57f29601ccced557cc2e817bce7533ab8e01a797a48b49c9692b3 \
    --hash=sha256:f517ca031dfc037a9c07e748cefd8d96235088b83b4f4ba8939105d20fa1dcd6 \
    --hash=sha256:f889f7a40498cc077332c7ab6b4608d296d852182211787d4f3ee377aaae66e8 \
    --hash=sha256:f8de619080e944347f5f20de29a975c2d815d9ddd8be9b9b7268e2e3ef68605a \
    --hash=sha256:f941635f2a3d96b2973e867144fde513665c87f13fe0e193c158ac51bfaaa7b2 \
    --hash=sha256:fa754d1850735a0b0e03bcffd9d4b4343eb417e47196e4485d9cca326073a42c \
    --hash=sha256:fa854f5cf7e33842a892e5c73f45327760bc7bc516339fda888c75ae60edaeb6 \
    --hash=sha256:fe5b32187cbc0c862ee201ad66c30cf218e5ed468ec8dc1cf49dec66e160cc4d
    # via pydantic
starlette==0.47.3 \
    --hash=sha256:6bc94f839cc176c4858894f1f8908f0ab79dfec1a6b8402f6da9be26ebea52e9 \
    --hash=sha256:89c0778ca62a76b826101e7c709e70680a1699ca7da6b44d38eb0a7e61fe4b51
    # via fastapi
typing-extensions==4.16.0 \
    --hash=sha256:481caa481374e813c1b176ada14e97f1f67a4539ce9cfeb3f350d78d6370c2e8 \
    --hash=sha256:dc983d19a509c94dba722ee6abd33940f7c05a89e243c47e907eb4db6f1a43e5
    # via
    #   anyio
    #   fastapi
    #   pydantic
    #   pydantic-core
    #   starlette
    #   typing-inspection
typing-inspection==0.4.4 \
    --hash=sha256:547274fa6b0a561ccf549cc9524b999a578e737d015d8709d021f9d0d13bea47 \
    --hash=sha256:65b8397ba37ccbce054456aaccddfc91e6e3083c92824df348d96ca832f3f147
    # via pydantic
uvicorn==0.35.0 \
    --hash=sha256:197535216b25ff9b785e29a0b79199f55222193d47f820816e7da751e9bc8d4a \
    --hash=sha256:bc662f087f7cf2ce11a1d7fd70b90c9f98ef2e2831556dd078d131b96cc94a01
    # via -r app/backend/requirements.in
